
Microsoft Visual Studio Solution File, Format Version 12.00
Project("{E53339B2-1760-4266-BCC7-CA923CBCF16C}") = "docker-compose", "docker-compose.dcproj", "{FEA0C318-FFED-4D39-8781-265718CA43DD}"
EndProject
Project("{2150E333-8FDC-42A3-9474-1A3956D46DE8}") = "src", "src", "{818BC0B9-F0A0-4511-BD7B-181574002D4F}"
EndProject
Project("{FAE04EC0-301F-11D3-BF4B-00C04F79EFBC}") = "AFORO255.MS.TEST.Invoice", "src\AFORO255.MS.TEST.Invoice\AFORO255.MS.TEST.Invoice.csproj", "{611AE1CD-2E12-41F4-B041-D5D04CA4E37D}"
EndProject
Project("{FAE04EC0-301F-11D3-BF4B-00C04F79EFBC}") = "AFORO255.MS.TEST.Pay", "src\AFORO255.MS.TEST.Pay\AFORO255.MS.TEST.Pay.csproj", "{96EDD489-5A32-43AE-BDE2-F987E95245CC}"
EndProject
Project("{FAE04EC0-301F-11D3-BF4B-00C04F79EFBC}") = "AFORO255.MS.TEST.Cross.EventBus", "src\AFORO255.MS.TEST.Cross.EventBus\AFORO255.MS.TEST.Cross.EventBus.csproj", "{E5BD209A-8B5F-409E-9ECA-E0EB4A2E360A}"
EndProject
Project("{FAE04EC0-301F-11D3-BF4B-00C04F79EFBC}") = "AFORO255.MS.TEST.Transaction", "src\AFORO255.MS.TEST.Transaction\AFORO255.MS.TEST.Transaction.csproj", "{68717701-38C9-44D9-A868-6983939A56B1}"
EndProject
Project("{FAE04EC0-301F-11D3-BF4B-00C04F79EFBC}") = "AFORO255.MS.TEST.Security", "src\AFORO255.MS.TEST.Security\AFORO255.MS.TEST.Security.csproj", "{E1BFD345-4CDA-4D1E-B1CD-7606B8206472}"
EndProject
Project("{FAE04EC0-301F-11D3-BF4B-00C04F79EFBC}") = "AFORO255.MS.TEST.Cross.Jwt", "src\AFORO255.MS.TEST.Cross.Jwt\AFORO255.MS.TEST.Cross.Jwt.csproj", "{6D379EA0-A1EB-4E31-BB50-D625C0A00C89}"
EndProject
Global
	GlobalSection(SolutionConfigurationPlatforms) = preSolution
		Debug|Any CPU = Debug|Any CPU
		Release|Any CPU = Release|Any CPU
	EndGlobalSection
	GlobalSection(NestedProjects) = preSolution
		{611AE1CD-2E12-41F4-B041-D5D04CA4E37D} = {818BC0B9-F0A0-4511-BD7B-181574002D4F}
		{96EDD489-5A32-43AE-BDE2-F987E95245CC} = {818BC0B9-F0A0-4511-BD7B-181574002D4F}
		{E5BD209A-8B5F-409E-9ECA-E0EB4A2E360A} = {818BC0B9-F0A0-4511-BD7B-181574002D4F}
		{68717701-38C9-44D9-A868-6983939A56B1} = {818BC0B9-F0A0-4511-BD7B-181574002D4F}
		{E1BFD345-4CDA-4D1E-B1CD-7606B8206472} = {818BC0B9-F0A0-4511-BD7B-181574002D4F}
		{6D379EA0-A1EB-4E31-BB50-D625C0A00C89} = {818BC0B9-F0A0-4511-BD7B-181574002D4F}
	EndGlobalSection
	GlobalSection(ProjectConfigurationPlatforms) = postSolution
{FEA0C318-FFED-4D39-8781-265718CA43DD}.Ad-Hoc|Any CPU.ActiveCfg = Debug|Any CPU
		{FEA0C318-FFED-4D39-8781-265718CA43DD}.Ad-Hoc|Any CPU.Build.0 = Debug|Any CPU
		{FEA0C318-FFED-4D39-8781-265718CA43DD}.Ad-Hoc|ARM.ActiveCfg = Debug|Any CPU
		{FEA0C318-FFED-4D39-8781-265718CA43DD}.Ad-Hoc|ARM.Build.0 = Debug|Any CPU
		{FEA0C318-FFED-4D39-8781-265718CA43DD}.Ad-Hoc|iPhone.ActiveCfg = Debug|Any CPU
		{FEA0C318-FFED-4D39-8781-265718CA43DD}.Ad-Hoc|iPhone.Build.0 = Debug|Any CPU
		{FEA0C318-FFED-4D39-8781-265718CA43DD}.Ad-Hoc|iPhoneSimulator.ActiveCfg = Debug|Any CPU
		{FEA0C318-FFED-4D39-8781-265718CA43DD}.Ad-Hoc|iPhoneSimulator.Build.0 = Debug|Any CPU
		{FEA0C318-FFED-4D39-8781-265718CA43DD}.Ad-Hoc|x64.ActiveCfg = Debug|Any CPU
		{FEA0C318-FFED-4D39-8781-265718CA43DD}.Ad-Hoc|x64.Build.0 = Debug|Any CPU
		{FEA0C318-FFED-4D39-8781-265718CA43DD}.Ad-Hoc|x86.ActiveCfg = Debug|Any CPU
		{FEA0C318-FFED-4D39-8781-265718CA43DD}.Ad-Hoc|x86.Build.0 = Debug|Any CPU
		{FEA0C318-FFED-4D39-8781-265718CA43DD}.AppStore|Any CPU.ActiveCfg = Debug|Any CPU
		{FEA0C318-FFED-4D39-8781-265718CA43DD}.AppStore|Any CPU.Build.0 = Debug|Any CPU
		{FEA0C318-FFED-4D39-8781-265718CA43DD}.AppStore|ARM.ActiveCfg = Debug|Any CPU
		{FEA0C318-FFED-4D39-8781-265718CA43DD}.AppStore|ARM.Build.0 = Debug|Any CPU
		{FEA0C318-FFED-4D39-8781-265718CA43DD}.AppStore|iPhone.ActiveCfg = Debug|Any CPU
		{FEA0C318-FFED-4D39-8781-265718CA43DD}.AppStore|iPhone.Build.0 = Debug|Any CPU
		{FEA0C318-FFED-4D39-8781-265718CA43DD}.AppStore|iPhoneSimulator.ActiveCfg = Debug|Any CPU
		{FEA0C318-FFED-4D39-8781-265718CA43DD}.AppStore|iPhoneSimulator.Build.0 = Debug|Any CPU
		{FEA0C318-FFED-4D39-8781-265718CA43DD}.AppStore|x64.ActiveCfg = Debug|Any CPU
		{FEA0C318-FFED-4D39-8781-265718CA43DD}.AppStore|x64.Build.0 = Debug|Any CPU
		{FEA0C318-FFED-4D39-8781-265718CA43DD}.AppStore|x86.ActiveCfg = Debug|Any CPU
		{FEA0C318-FFED-4D39-8781-265718CA43DD}.AppStore|x86.Build.0 = Debug|Any CPU
		{FEA0C318-FFED-4D39-8781-265718CA43DD}.Debug|Any CPU.ActiveCfg = Debug|Any CPU
		{FEA0C318-FFED-4D39-8781-265718CA43DD}.Debug|Any CPU.Build.0 = Debug|Any CPU
		{FEA0C318-FFED-4D39-8781-265718CA43DD}.Debug|ARM.ActiveCfg = Debug|Any CPU
		{FEA0C318-FFED-4D39-8781-265718CA43DD}.Debug|ARM.Build.0 = Debug|Any CPU
		{FEA0C318-FFED-4D39-8781-265718CA43DD}.Debug|iPhone.ActiveCfg = Debug|Any CPU
		{FEA0C318-FFED-4D39-8781-265718CA43DD}.Debug|iPhone.Build.0 = Debug|Any CPU
		{FEA0C318-FFED-4D39-8781-265718CA43DD}.Debug|iPhoneSimulator.ActiveCfg = Debug|Any CPU
		{FEA0C318-FFED-4D39-8781-265718CA43DD}.Debug|iPhoneSimulator.Build.0 = Debug|Any CPU
		{FEA0C318-FFED-4D39-8781-265718CA43DD}.Debug|x64.ActiveCfg = Debug|Any CPU
		{FEA0C318-FFED-4D39-8781-265718CA43DD}.Debug|x64.Build.0 = Debug|Any CPU
		{FEA0C318-FFED-4D39-8781-265718CA43DD}.Debug|x86.ActiveCfg = Debug|Any CPU
		{FEA0C318-FFED-4D39-8781-265718CA43DD}.Debug|x86.Build.0 = Debug|Any CPU
		{FEA0C318-FFED-4D39-8781-265718CA43DD}.Release|Any CPU.ActiveCfg = Release|Any CPU
		{FEA0C318-FFED-4D39-8781-265718CA43DD}.Release|Any CPU.Build.0 = Release|Any CPU
		{FEA0C318-FFED-4D39-8781-265718CA43DD}.Release|ARM.ActiveCfg = Release|Any CPU
		{FEA0C318-FFED-4D39-8781-265718CA43DD}.Release|ARM.Build.0 = Release|Any CPU
		{FEA0C318-FFED-4D39-8781-265718CA43DD}.Release|iPhone.ActiveCfg = Release|Any CPU
		{FEA0C318-FFED-4D39-8781-265718CA43DD}.Release|iPhone.Build.0 = Release|Any CPU
		{FEA0C318-FFED-4D39-8781-265718CA43DD}.Release|iPhoneSimulator.ActiveCfg = Release|Any CPU
		{FEA0C318-FFED-4D39-8781-265718CA43DD}.Release|iPhoneSimulator.Build.0 = Release|Any CPU
		{FEA0C318-FFED-4D39-8781-265718CA43DD}.Release|x64.ActiveCfg = Release|Any CPU
		{FEA0C318-FFED-4D39-8781-265718CA43DD}.Release|x64.Build.0 = Release|Any CPU
		{FEA0C318-FFED-4D39-8781-265718CA43DD}.Release|x86.ActiveCfg = Release|Any CPU
		{FEA0C318-FFED-4D39-8781-265718CA43DD}.Release|x86.Build.0 = Release|Any CPU
		{611AE1CD-2E12-41F4-B041-D5D04CA4E37D}.Debug|Any CPU.ActiveCfg = Debug|Any CPU
		{611AE1CD-2E12-41F4-B041-D5D04CA4E37D}.Debug|Any CPU.Build.0 = Debug|Any CPU
		{611AE1CD-2E12-41F4-B041-D5D04CA4E37D}.Release|Any CPU.ActiveCfg = Release|Any CPU
		{611AE1CD-2E12-41F4-B041-D5D04CA4E37D}.Release|Any CPU.Build.0 = Release|Any CPU
		{96EDD489-5A32-43AE-BDE2-F987E95245CC}.Debug|Any CPU.ActiveCfg = Debug|Any CPU
		{96EDD489-5A32-43AE-BDE2-F987E95245CC}.Debug|Any CPU.Build.0 = Debug|Any CPU
		{96EDD489-5A32-43AE-BDE2-F987E95245CC}.Release|Any CPU.ActiveCfg = Release|Any CPU
		{96EDD489-5A32-43AE-BDE2-F987E95245CC}.Release|Any CPU.Build.0 = Release|Any CPU
		{E5BD209A-8B5F-409E-9ECA-E0EB4A2E360A}.Debug|Any CPU.ActiveCfg = Debug|Any CPU
		{E5BD209A-8B5F-409E-9ECA-E0EB4A2E360A}.Debug|Any CPU.Build.0 = Debug|Any CPU
		{E5BD209A-8B5F-409E-9ECA-E0EB4A2E360A}.Release|Any CPU.ActiveCfg = Release|Any CPU
		{E5BD209A-8B5F-409E-9ECA-E0EB4A2E360A}.Release|Any CPU.Build.0 = Release|Any CPU
		{68717701-38C9-44D9-A868-6983939A56B1}.Debug|Any CPU.ActiveCfg = Debug|Any CPU
		{68717701-38C9-44D9-A868-6983939A56B1}.Debug|Any CPU.Build.0 = Debug|Any CPU
		{68717701-38C9-44D9-A868-6983939A56B1}.Release|Any CPU.ActiveCfg = Release|Any CPU
		{68717701-38C9-44D9-A868-6983939A56B1}.Release|Any CPU.Build.0 = Release|Any CPU
		{E1BFD345-4CDA-4D1E-B1CD-7606B8206472}.Debug|Any CPU.ActiveCfg = Debug|Any CPU
		{E1BFD345-4CDA-4D1E-B1CD-7606B8206472}.Debug|Any CPU.Build.0 = Debug|Any CPU
		{E1BFD345-4CDA-4D1E-B1CD-7606B8206472}.Release|Any CPU.ActiveCfg = Release|Any CPU
		{E1BFD345-4CDA-4D1E-B1CD-7606B8206472}.Release|Any CPU.Build.0 = Release|Any CPU
		{6D379EA0-A1EB-4E31-BB50-D625C0A00C89}.Debug|Any CPU.ActiveCfg = Debug|Any CPU
		{6D379EA0-A1EB-4E31-BB50-D625C0A00C89}.Debug|Any CPU.Build.0 = Debug|Any CPU
		{6D379EA0-A1EB-4E31-BB50-D625C0A00C89}.Release|Any CPU.ActiveCfg = Release|Any CPU
		{6D379EA0-A1EB-4E31-BB50-D625C0A00C89}.Release|Any CPU.Build.0 = Release|Any CPU
	EndGlobalSection
EndGlobal
